Microsoft Visual Studio Solution File, Format Version 12.00
# Visual Studio 14
Project("{8BC9CEB8-8B4A-11D0-8D11-00A0C91BC942}") = "ALL_BUILD", "ALL_BUILD.vcxproj", "{BBCD6F5D-94D1-33FB-9903-F7FFD7D20BEE}"
	ProjectSection(ProjectDependencies) = postProject
		{736E1B5B-BCDD-31B8-9A0F-D3C969088ECF} = {736E1B5B-BCDD-31B8-9A0F-D3C969088ECF}
		{A9B6953F-7BE1-3296-8A8F-CDA203FE0972} = {A9B6953F-7BE1-3296-8A8F-CDA203FE0972}
		{C5D32017-8581-3179-8868-67D5E752270D} = {C5D32017-8581-3179-8868-67D5E752270D}
		{A0A5FBB3-DB24-3F4A-99EA-52CD0F947C16} = {A0A5FBB3-DB24-3F4A-99EA-52CD0F947C16}
		{A263E0A7-828F-322E-8F78-4343AD8CD365} = {A263E0A7-828F-322E-8F78-4343AD8CD365}
		{A1E2DAD6-65E8-3C6E-AF63-1D9AAABFD38C} = {A1E2DAD6-65E8-3C6E-AF63-1D9AAABFD38C}
	EndProjectSection
EndProject
Project("{8BC9CEB8-8B4A-11D0-8D11-00A0C91BC942}") = "INSTALL", "INSTALL.vcxproj", "{6998CF79-8978-322F-A1A9-9B0072826D2D}"
	ProjectSection(ProjectDependencies) = postProject
		{BBCD6F5D-94D1-33FB-9903-F7FFD7D20BEE} = {BBCD6F5D-94D1-33FB-9903-F7FFD7D20BEE}
		{736E1B5B-BCDD-31B8-9A0F-D3C969088ECF} = {736E1B5B-BCDD-31B8-9A0F-D3C969088ECF}
	EndProjectSection
EndProject
Project("{8BC9CEB8-8B4A-11D0-8D11-00A0C91BC942}") = "ZERO_CHECK", "ZERO_CHECK.vcxproj", "{736E1B5B-BCDD-31B8-9A0F-D3C969088ECF}"
	ProjectSection(ProjectDependencies) = postProject
	EndProjectSection
EndProject
Project("{8BC9CEB8-8B4A-11D0-8D11-00A0C91BC942}") = "sandbox", "sandbox\sandbox.vcxproj", "{A9B6953F-7BE1-3296-8A8F-CDA203FE0972}"
	ProjectSection(ProjectDependencies) = postProject
		{736E1B5B-BCDD-31B8-9A0F-D3C969088ECF} = {736E1B5B-BCDD-31B8-9A0F-D3C969088ECF}
	EndProjectSection
EndProject
Project("{8BC9CEB8-8B4A-11D0-8D11-00A0C91BC942}") = "sandbox_json", "sandbox\sandbox_json.vcxproj", "{C5D32017-8581-3179-8868-67D5E752270D}"
	ProjectSection(ProjectDependencies) = postProject
		{736E1B5B-BCDD-31B8-9A0F-D3C969088ECF} = {736E1B5B-BCDD-31B8-9A0F-D3C969088ECF}
	EndProjectSection
EndProject
Project("{8BC9CEB8-8B4A-11D0-8D11-00A0C91BC942}") = "sandbox_rtti", "sandbox\sandbox_rtti.vcxproj", "{A0A5FBB3-DB24-3F4A-99EA-52CD0F947C16}"
	ProjectSection(ProjectDependencies) = postProject
		{736E1B5B-BCDD-31B8-9A0F-D3C969088ECF} = {736E1B5B-BCDD-31B8-9A0F-D3C969088ECF}
	EndProjectSection
EndProject
Project("{8BC9CEB8-8B4A-11D0-8D11-00A0C91BC942}") = "sandbox_vs", "sandbox\sandbox_vs.vcxproj", "{A263E0A7-828F-322E-8F78-4343AD8CD365}"
	ProjectSection(ProjectDependencies) = postProject
		{736E1B5B-BCDD-31B8-9A0F-D3C969088ECF} = {736E1B5B-BCDD-31B8-9A0F-D3C969088ECF}
		{A1E2DAD6-65E8-3C6E-AF63-1D9AAABFD38C} = {A1E2DAD6-65E8-3C6E-AF63-1D9AAABFD38C}
	EndProjectSection
EndProject
Project("{8BC9CEB8-8B4A-11D0-8D11-00A0C91BC942}") = "sandbox_vs_dll", "sandbox\sandbox_shared_lib\sandbox_vs_dll.vcxproj", "{A1E2DAD6-65E8-3C6E-AF63-1D9AAABFD38C}"
	ProjectSection(ProjectDependencies) = postProject
		{736E1B5B-BCDD-31B8-9A0F-D3C969088ECF} = {736E1B5B-BCDD-31B8-9A0F-D3C969088ECF}
	EndProjectSection
EndProject
Global
	GlobalSection(SolutionConfigurationPlatforms) = preSolution
		Debug|Win32 = Debug|Win32
		Release|Win32 = Release|Win32
		MinSizeRel|Win32 = MinSizeRel|Win32
		RelWithDebInfo|Win32 = RelWithDebInfo|Win32
	EndGlobalSection
	GlobalSection(ProjectConfigurationPlatforms) = postSolution
		{BBCD6F5D-94D1-33FB-9903-F7FFD7D20BEE}.Debug|Win32.ActiveCfg = Debug|Win32
		{BBCD6F5D-94D1-33FB-9903-F7FFD7D20BEE}.Debug|Win32.Build.0 = Debug|Win32
		{BBCD6F5D-94D1-33FB-9903-F7FFD7D20BEE}.Release|Win32.ActiveCfg = Release|Win32
		{BBCD6F5D-94D1-33FB-9903-F7FFD7D20BEE}.Release|Win32.Build.0 = Release|Win32
		{BBCD6F5D-94D1-33FB-9903-F7FFD7D20BEE}.MinSizeRel|Win32.ActiveCfg = MinSizeRel|Win32
		{BBCD6F5D-94D1-33FB-9903-F7FFD7D20BEE}.MinSizeRel|Win32.Build.0 = MinSizeRel|Win32
		{BBCD6F5D-94D1-33FB-9903-F7FFD7D20BEE}.RelWithDebInfo|Win32.ActiveCfg = RelWithDebInfo|Win32
		{BBCD6F5D-94D1-33FB-9903-F7FFD7D20BEE}.RelWithDebInfo|Win32.Build.0 = RelWithDebInfo|Win32
		{6998CF79-8978-322F-A1A9-9B0072826D2D}.Debug|Win32.ActiveCfg = Debug|Win32
		{6998CF79-8978-322F-A1A9-9B0072826D2D}.Release|Win32.ActiveCfg = Release|Win32
		{6998CF79-8978-322F-A1A9-9B0072826D2D}.MinSizeRel|Win32.ActiveCfg = MinSizeRel|Win32
		{6998CF79-8978-322F-A1A9-9B0072826D2D}.RelWithDebInfo|Win32.ActiveCfg = RelWithDebInfo|Win32
		{736E1B5B-BCDD-31B8-9A0F-D3C969088ECF}.Debug|Win32.ActiveCfg = Debug|Win32
		{736E1B5B-BCDD-31B8-9A0F-D3C969088ECF}.Debug|Win32.Build.0 = Debug|Win32
		{736E1B5B-BCDD-31B8-9A0F-D3C969088ECF}.Release|Win32.ActiveCfg = Release|Win32
		{736E1B5B-BCDD-31B8-9A0F-D3C969088ECF}.Release|Win32.Build.0 = Release|Win32
		{736E1B5B-BCDD-31B8-9A0F-D3C969088ECF}.MinSizeRel|Win32.ActiveCfg = MinSizeRel|Win32
		{736E1B5B-BCDD-31B8-9A0F-D3C969088ECF}.MinSizeRel|Win32.Build.0 = MinSizeRel|Win32
		{736E1B5B-BCDD-31B8-9A0F-D3C969088ECF}.RelWithDebInfo|Win32.ActiveCfg = RelWithDebInfo|Win32
		{736E1B5B-BCDD-31B8-9A0F-D3C969088ECF}.RelWithDebInfo|Win32.Build.0 = RelWithDebInfo|Win32
		{A9B6953F-7BE1-3296-8A8F-CDA203FE0972}.Debug|Win32.ActiveCfg = Debug|Win32
		{A9B6953F-7BE1-3296-8A8F-CDA203FE0972}.Debug|Win32.Build.0 = Debug|Win32
		{A9B6953F-7BE1-3296-8A8F-CDA203FE0972}.Release|Win32.ActiveCfg = Release|Win32
		{A9B6953F-7BE1-3296-8A8F-CDA203FE0972}.Release|Win32.Build.0 = Release|Win32
		{A9B6953F-7BE1-3296-8A8F-CDA203FE0972}.MinSizeRel|Win32.ActiveCfg = MinSizeRel|Win32
		{A9B6953F-7BE1-3296-8A8F-CDA203FE0972}.MinSizeRel|Win32.Build.0 = MinSizeRel|Win32
		{A9B6953F-7BE1-3296-8A8F-CDA203FE0972}.RelWithDebInfo|Win32.ActiveCfg = RelWithDebInfo|Win32
		{A9B6953F-7BE1-3296-8A8F-CDA203FE0972}.RelWithDebInfo|Win32.Build.0 = RelWithDebInfo|Win32
		{C5D32017-8581-3179-8868-67D5E752270D}.Debug|Win32.ActiveCfg = Debug|Win32
		{C5D32017-8581-3179-8868-67D5E752270D}.Debug|Win32.Build.0 = Debug|Win32
		{C5D32017-8581-3179-8868-67D5E752270D}.Release|Win32.ActiveCfg = Release|Win32
		{C5D32017-8581-3179-8868-67D5E752270D}.Release|Win32.Build.0 = Release|Win32
		{C5D32017-8581-3179-8868-67D5E752270D}.MinSizeRel|Win32.ActiveCfg = MinSizeRel|Win32
		{C5D32017-8581-3179-8868-67D5E752270D}.MinSizeRel|Win32.Build.0 = MinSizeRel|Win32
		{C5D32017-8581-3179-8868-67D5E752270D}.RelWithDebInfo|Win32.ActiveCfg = RelWithDebInfo|Win32
		{C5D32017-8581-3179-8868-67D5E752270D}.RelWithDebInfo|Win32.Build.0 = RelWithDebInfo|Win32
		{A0A5FBB3-DB24-3F4A-99EA-52CD0F947C16}.Debug|Win32.ActiveCfg = Debug|Win32
		{A0A5FBB3-DB24-3F4A-99EA-52CD0F947C16}.Debug|Win32.Build.0 = Debug|Win32
		{A0A5FBB3-DB24-3F4A-99EA-52CD0F947C16}.Release|Win32.ActiveCfg = Release|Win32
		{A0A5FBB3-DB24-3F4A-99EA-52CD0F947C16}.Release|Win32.Build.0 = Release|Win32
		{A0A5FBB3-DB24-3F4A-99EA-52CD0F947C16}.MinSizeRel|Win32.ActiveCfg = MinSizeRel|Win32
		{A0A5FBB3-DB24-3F4A-99EA-52CD0F947C16}.MinSizeRel|Win32.Build.0 = MinSizeRel|Win32
		{A0A5FBB3-DB24-3F4A-99EA-52CD0F947C16}.RelWithDebInfo|Win32.ActiveCfg = RelWithDebInfo|Win32
		{A0A5FBB3-DB24-3F4A-99EA-52CD0F947C16}.RelWithDebInfo|Win32.Build.0 = RelWithDebInfo|Win32
		{A263E0A7-828F-322E-8F78-4343AD8CD365}.Debug|Win32.ActiveCfg = Debug|Win32
		{A263E0A7-828F-322E-8F78-4343AD8CD365}.Debug|Win32.Build.0 = Debug|Win32
		{A263E0A7-828F-322E-8F78-4343AD8CD365}.Release|Win32.ActiveCfg = Release|Win32
		{A263E0A7-828F-322E-8F78-4343AD8CD365}.Release|Win32.Build.0 = Release|Win32
		{A263E0A7-828F-322E-8F78-4343AD8CD365}.MinSizeRel|Win32.ActiveCfg = MinSizeRel|Win32
		{A263E0A7-828F-322E-8F78-4343AD8CD365}.MinSizeRel|Win32.Build.0 = MinSizeRel|Win32
		{A263E0A7-828F-322E-8F78-4343AD8CD365}.RelWithDebInfo|Win32.ActiveCfg = RelWithDebInfo|Win32
		{A263E0A7-828F-322E-8F78-4343AD8CD365}.RelWithDebInfo|Win32.Build.0 = RelWithDebInfo|Win32
		{A1E2DAD6-65E8-3C6E-AF63-1D9AAABFD38C}.Debug|Win32.ActiveCfg = Debug|Win32
		{A1E2DAD6-65E8-3C6E-AF63-1D9AAABFD38C}.Debug|Win32.Build.0 = Debug|Win32
		{A1E2DAD6-65E8-3C6E-AF63-1D9AAABFD38C}.Release|Win32.ActiveCfg = Release|Win32
		{A1E2DAD6-65E8-3C6E-AF63-1D9AAABFD38C}.Release|Win32.Build.0 = Release|Win32
		{A1E2DAD6-65E8-3C6E-AF63-1D9AAABFD38C}.MinSizeRel|Win32.ActiveCfg = MinSizeRel|Win32
		{A1E2DAD6-65E8-3C6E-AF63-1D9AAABFD38C}.MinSizeRel|Win32.Build.0 = MinSizeRel|Win32
		{A1E2DAD6-65E8-3C6E-AF63-1D9AAABFD38C}.RelWithDebInfo|Win32.ActiveCfg = RelWithDebInfo|Win32
		{A1E2DAD6-65E8-3C6E-AF63-1D9AAABFD38C}.RelWithDebInfo|Win32.Build.0 = RelWithDebInfo|Win32
	EndGlobalSection
	GlobalSection(ExtensibilityGlobals) = postSolution
	EndGlobalSection
	GlobalSection(ExtensibilityAddIns) = postSolution
	EndGlobalSection
EndGlobal
