<?xml version="1.0" encoding="UTF-8"?>
<Project ToolsVersion="14.0" xmlns="http://schemas.microsoft.com/developer/msbuild/2003">
  <ItemGroup>
    <CustomBuild Include="C:\Users\Pavel\Desktop\WinsockClientAndServer\CMakeFiles\ed768cb4c02b3f23e88041cde864fbd6\generate.stamp.rule">
      <Filter>CMake Rules</Filter>
    </CustomBuild>
  </ItemGroup>
  <ItemGroup>
    <Filter Include="CMake Rules">
      <UniqueIdentifier>{95F933C7-E717-3FED-BB9A-4C7B9408638C}</UniqueIdentifier>
    </Filter>
  </ItemGroup>
</Project>
