<?xml version="1.0" encoding="UTF-8"?>
<Project ToolsVersion="14.0" xmlns="http://schemas.microsoft.com/developer/msbuild/2003">
  <ItemGroup>
    <CustomBuild Include="C:\Users\Pavel\Desktop\WinsockClientAndServer\HelperLibrary\CMakeFiles\ad1b517904a4b4fd4e01df3a03691ab5\generate.stamp.rule">
      <Filter>CMake Rules</Filter>
    </CustomBuild>
  </ItemGroup>
  <ItemGroup>
    <Filter Include="CMake Rules">
      <UniqueIdentifier>{D40953C8-1CAF-3300-8161-277C0DBADC50}</UniqueIdentifier>
    </Filter>
  </ItemGroup>
</Project>
