<?xml version="1.0" encoding="UTF-8"?>
<Project ToolsVersion="14.0" xmlns="http://schemas.microsoft.com/developer/msbuild/2003">
  <ItemGroup>
    <ClCompile Include="C:\Dev\tmp\SCApp\WinsockServer\GetGeometrySendProperFormat.cpp">
      <Filter>Source Files</Filter>
    </ClCompile>
    <ClCompile Include="C:\Dev\tmp\SCApp\WinsockServer\SendLargeFileCmd.cpp">
      <Filter>Source Files</Filter>
    </ClCompile>
    <ClCompile Include="C:\Dev\tmp\SCApp\WinsockServer\UserCommandNoOperation.cpp">
      <Filter>Source Files</Filter>
    </ClCompile>
    <ClCompile Include="C:\Dev\tmp\SCApp\WinsockServer\stdafx.cpp">
      <Filter>Source Files</Filter>
    </ClCompile>
    <ClCompile Include="C:\Dev\tmp\SCApp\WinsockServer\GetVertexesCommand.cpp">
      <Filter>Source Files</Filter>
    </ClCompile>
    <ClCompile Include="C:\Dev\tmp\SCApp\WinsockServer\Server.cpp">
      <Filter>Source Files</Filter>
    </ClCompile>
    <ClCompile Include="C:\Dev\tmp\SCApp\WinsockServer\WSASocket.cpp">
      <Filter>Source Files</Filter>
    </ClCompile>
    <ClCompile Include="C:\Dev\tmp\SCApp\WinsockServer\ListCommand.cpp">
      <Filter>Source Files</Filter>
    </ClCompile>
    <ClCompile Include="C:\Dev\tmp\SCApp\WinsockServer\UserCommand.cpp">
      <Filter>Source Files</Filter>
    </ClCompile>
    <ClCompile Include="C:\Dev\tmp\SCApp\WinsockServer\WinsockServerMain.cpp">
      <Filter>Source Files</Filter>
    </ClCompile>
  </ItemGroup>
  <ItemGroup>
    <ClInclude Include="C:\Dev\tmp\SCApp\WinsockServer\CmdFabrique.h">
      <Filter>Header Files</Filter>
    </ClInclude>
    <ClInclude Include="C:\Dev\tmp\SCApp\WinsockServer\ListCommand.h">
      <Filter>Header Files</Filter>
    </ClInclude>
    <ClInclude Include="C:\Dev\tmp\SCApp\WinsockServer\UserCommand.h">
      <Filter>Header Files</Filter>
    </ClInclude>
    <ClInclude Include="C:\Dev\tmp\SCApp\WinsockServer\stdafx.h">
      <Filter>Header Files</Filter>
    </ClInclude>
    <ClInclude Include="C:\Dev\tmp\SCApp\WinsockServer\GetGeometrySendProperFormat.h">
      <Filter>Header Files</Filter>
    </ClInclude>
    <ClInclude Include="C:\Dev\tmp\SCApp\WinsockServer\SendLargeFileCmd.h">
      <Filter>Header Files</Filter>
    </ClInclude>
    <ClInclude Include="C:\Dev\tmp\SCApp\WinsockServer\UserCommandNoOperation.h">
      <Filter>Header Files</Filter>
    </ClInclude>
    <ClInclude Include="C:\Dev\tmp\SCApp\WinsockServer\targetver.h">
      <Filter>Header Files</Filter>
    </ClInclude>
    <ClInclude Include="C:\Dev\tmp\SCApp\WinsockServer\GetVertexesCommand.h">
      <Filter>Header Files</Filter>
    </ClInclude>
    <ClInclude Include="C:\Dev\tmp\SCApp\WinsockServer\Server.h">
      <Filter>Header Files</Filter>
    </ClInclude>
    <ClInclude Include="C:\Dev\tmp\SCApp\WinsockServer\WSASocket.h">
      <Filter>Header Files</Filter>
    </ClInclude>
  </ItemGroup>
  <ItemGroup>
    <CustomBuild Include="C:\Dev\tmp\SCApp\WinsockServer\CMakeLists.txt" />
  </ItemGroup>
  <ItemGroup>
    <Filter Include="Source Files">
      <UniqueIdentifier>{40DC216B-A70B-3E8B-8162-85AC7A4210E6}</UniqueIdentifier>
    </Filter>
    <Filter Include="Header Files">
      <UniqueIdentifier>{C23784DF-28DB-3D72-8AE7-B4C62E0AE295}</UniqueIdentifier>
    </Filter>
  </ItemGroup>
</Project>
